
Microsoft Visual Studio Solution File, Format Version 12.00
# Visual Studio Version 17
VisualStudioVersion = 17.1.32328.378
MinimumVisualStudioVersion = 10.0.40219.1
Project("{FAE04EC0-301F-11D3-BF4B-00C04F79EFBC}") = "ProductsService", "ProductsService\ProductsService.csproj", "{16F172F0-27FD-4768-8AD5-9103122CA546}"
EndProject
Project("{E53339B2-1760-4266-BCC7-CA923CBCF16C}") = "docker-compose", "docker-compose.dcproj", "{50BFEB3A-FD5E-463C-8093-ED97CA9B4AD5}"
EndProject
Global
	GlobalSection(SolutionConfigurationPlatforms) = preSolution
		Debug|Any CPU = Debug|Any CPU
		Release|Any CPU = Release|Any CPU
	EndGlobalSection
	GlobalSection(ProjectConfigurationPlatforms) = postSolution
		{16F172F0-27FD-4768-8AD5-9103122CA546}.Debug|Any CPU.ActiveCfg = Debug|Any CPU
		{16F172F0-27FD-4768-8AD5-9103122CA546}.Debug|Any CPU.Build.0 = Debug|Any CPU
		{16F172F0-27FD-4768-8AD5-9103122CA546}.Release|Any CPU.ActiveCfg = Release|Any CPU
		{16F172F0-27FD-4768-8AD5-9103122CA546}.Release|Any CPU.Build.0 = Release|Any CPU
		{50BFEB3A-FD5E-463C-8093-ED97CA9B4AD5}.Debug|Any CPU.ActiveCfg = Debug|Any CPU
		{50BFEB3A-FD5E-463C-8093-ED97CA9B4AD5}.Debug|Any CPU.Build.0 = Debug|Any CPU
		{50BFEB3A-FD5E-463C-8093-ED97CA9B4AD5}.Release|Any CPU.ActiveCfg = Release|Any CPU
		{50BFEB3A-FD5E-463C-8093-ED97CA9B4AD5}.Release|Any CPU.Build.0 = Release|Any CPU
	EndGlobalSection
	GlobalSection(SolutionProperties) = preSolution
		HideSolutionNode = FALSE
	EndGlobalSection
	GlobalSection(ExtensibilityGlobals) = postSolution
		SolutionGuid = {E336C685-7F2C-4646-8094-CD9D83A16887}
	EndGlobalSection
EndGlobal
