
Microsoft Visual Studio Solution File, Format Version 12.00
# Visual Studio Version 17
VisualStudioVersion = 17.1.32328.378
MinimumVisualStudioVersion = 10.0.40219.1
Project("{FAE04EC0-301F-11D3-BF4B-00C04F79EFBC}") = "ClientsService", "ClientsService\ClientsService.csproj", "{11A179DD-F10E-43AB-9DD8-5D54CF887604}"
EndProject
Project("{E53339B2-1760-4266-BCC7-CA923CBCF16C}") = "docker-compose", "docker-compose.dcproj", "{3AB4D189-72B9-41A9-8009-71954AF97918}"
EndProject
Global
	GlobalSection(SolutionConfigurationPlatforms) = preSolution
		Debug|Any CPU = Debug|Any CPU
		Release|Any CPU = Release|Any CPU
	EndGlobalSection
	GlobalSection(ProjectConfigurationPlatforms) = postSolution
		{11A179DD-F10E-43AB-9DD8-5D54CF887604}.Debug|Any CPU.ActiveCfg = Debug|Any CPU
		{11A179DD-F10E-43AB-9DD8-5D54CF887604}.Debug|Any CPU.Build.0 = Debug|Any CPU
		{11A179DD-F10E-43AB-9DD8-5D54CF887604}.Release|Any CPU.ActiveCfg = Release|Any CPU
		{11A179DD-F10E-43AB-9DD8-5D54CF887604}.Release|Any CPU.Build.0 = Release|Any CPU
		{3AB4D189-72B9-41A9-8009-71954AF97918}.Debug|Any CPU.ActiveCfg = Debug|Any CPU
		{3AB4D189-72B9-41A9-8009-71954AF97918}.Debug|Any CPU.Build.0 = Debug|Any CPU
		{3AB4D189-72B9-41A9-8009-71954AF97918}.Release|Any CPU.ActiveCfg = Release|Any CPU
		{3AB4D189-72B9-41A9-8009-71954AF97918}.Release|Any CPU.Build.0 = Release|Any CPU
	EndGlobalSection
	GlobalSection(SolutionProperties) = preSolution
		HideSolutionNode = FALSE
	EndGlobalSection
	GlobalSection(ExtensibilityGlobals) = postSolution
		SolutionGuid = {F2B1028C-C385-4158-AB1F-4CC8A61BBD49}
	EndGlobalSection
EndGlobal
