
Microsoft Visual Studio Solution File, Format Version 12.00
# Visual Studio Version 17
VisualStudioVersion = 17.1.32328.378
MinimumVisualStudioVersion = 10.0.40219.1
Project("{FAE04EC0-301F-11D3-BF4B-00C04F79EFBC}") = "ClientServiceAPI", "ClientServiceAPI\ClientServiceAPI.csproj", "{8AC031D2-BC1D-4C3E-8AC4-459432A85871}"
EndProject
Global
	GlobalSection(SolutionConfigurationPlatforms) = preSolution
		Debug|Any CPU = Debug|Any CPU
		Release|Any CPU = Release|Any CPU
	EndGlobalSection
	GlobalSection(ProjectConfigurationPlatforms) = postSolution
		{8AC031D2-BC1D-4C3E-8AC4-459432A85871}.Debug|Any CPU.ActiveCfg = Debug|Any CPU
		{8AC031D2-BC1D-4C3E-8AC4-459432A85871}.Debug|Any CPU.Build.0 = Debug|Any CPU
		{8AC031D2-BC1D-4C3E-8AC4-459432A85871}.Release|Any CPU.ActiveCfg = Release|Any CPU
		{8AC031D2-BC1D-4C3E-8AC4-459432A85871}.Release|Any CPU.Build.0 = Release|Any CPU
	EndGlobalSection
	GlobalSection(SolutionProperties) = preSolution
		HideSolutionNode = FALSE
	EndGlobalSection
	GlobalSection(ExtensibilityGlobals) = postSolution
		SolutionGuid = {EE5528BE-D4C6-4AD5-8DCD-933F91F3F524}
	EndGlobalSection
EndGlobal
